
Microsoft Visual Studio Solution File, Format Version 12.00
# Visual Studio 15
VisualStudioVersion = 15.0.26430.14
MinimumVisualStudioVersion = 10.0.40219.1
Project("{FAE04EC0-301F-11D3-BF4B-00C04F79EFBC}") = "BuildIngBlocksApiV2", "BuildIngBlocksApiV2\BuildIngBlocksApiV2.csproj", "{602603D7-AB2B-4FC9-9C40-963FBAEF069C}"
EndProject
Global
	GlobalSection(SolutionConfigurationPlatforms) = preSolution
		Debug|Any CPU = Debug|Any CPU
		Release|Any CPU = Release|Any CPU
	EndGlobalSection
	GlobalSection(ProjectConfigurationPlatforms) = postSolution
		{602603D7-AB2B-4FC9-9C40-963FBAEF069C}.Debug|Any CPU.ActiveCfg = Debug|Any CPU
		{602603D7-AB2B-4FC9-9C40-963FBAEF069C}.Debug|Any CPU.Build.0 = Debug|Any CPU
		{602603D7-AB2B-4FC9-9C40-963FBAEF069C}.Release|Any CPU.ActiveCfg = Release|Any CPU
		{602603D7-AB2B-4FC9-9C40-963FBAEF069C}.Release|Any CPU.Build.0 = Release|Any CPU
	EndGlobalSection
	GlobalSection(SolutionProperties) = preSolution
		HideSolutionNode = FALSE
	EndGlobalSection
EndGlobal
